// !$*UTF8*$!
{
	archiveVersion = 1;
	classes = {
	};
	objectVersion = 56;
	objects = {

/* Begin PBXBuildFile section */
		0B154DB22B327F71003B0B4B /* PokerBankApp.swift in Sources */ = {isa = PBXBuildFile; fileRef = 0B154DB12B327F71003B0B4B /* PokerBankApp.swift */; };
		0B154DB42B327F71003B0B4B /* ContentView.swift in Sources */ = {isa = PBXBuildFile; fileRef = 0B154DB32B327F71003B0B4B /* ContentView.swift */; };
		0B154DB62B327F72003B0B4B /* Assets.xcassets in Resources */ = {isa = PBXBuildFile; fileRef = 0B154DB52B327F72003B0B4B /* Assets.xcassets */; };
		0B154DB92B327F73003B0B4B /* Preview Assets.xcassets in Resources */ = {isa = PBXBuildFile; fileRef = 0B154DB82B327F73003B0B4B /* Preview Assets.xcassets */; };
		0B154DC32B327F73003B0B4B /* PokerBankTests.swift in Sources */ = {isa = PBXBuildFile; fileRef = 0B154DC22B327F73003B0B4B /* PokerBankTests.swift */; };
		0B154DCD2B327F73003B0B4B /* PokerBankUITests.swift in Sources */ = {isa = PBXBuildFile; fileRef = 0B154DCC2B327F73003B0B4B /* PokerBankUITests.swift */; };
		0B154DCF2B327F73003B0B4B /* PokerBankUITestsLaunchTests.swift in Sources */ = {isa = PBXBuildFile; fileRef = 0B154DCE2B327F73003B0B4B /* PokerBankUITestsLaunchTests.swift */; };
		0B5D28012B360504004FA34F /* InGameView.swift in Sources */ = {isa = PBXBuildFile; fileRef = 0B5D28002B360504004FA34F /* InGameView.swift */; };
		0BDBA2492B337CEE00E1AD41 /* HomeView.swift in Sources */ = {isa = PBXBuildFile; fileRef = 0BDBA2482B337CEE00E1AD41 /* HomeView.swift */; };
		0BDBA24B2B337D0800E1AD41 /* ProfileView.swift in Sources */ = {isa = PBXBuildFile; fileRef = 0BDBA24A2B337D0800E1AD41 /* ProfileView.swift */; };
		0BDBA24D2B337EDB00E1AD41 /* User.swift in Sources */ = {isa = PBXBuildFile; fileRef = 0BDBA24C2B337EDB00E1AD41 /* User.swift */; };
		0BDBA24F2B3388A700E1AD41 /* GoogleService-Info.plist in Resources */ = {isa = PBXBuildFile; fileRef = 0BDBA24E2B3388A700E1AD41 /* GoogleService-Info.plist */; };
		0BDBA2532B338BBD00E1AD41 /* AuthViewModel.swift in Sources */ = {isa = PBXBuildFile; fileRef = 0BDBA2522B338BBD00E1AD41 /* AuthViewModel.swift */; };
		0BE1ABDC2B34C909006DDFDA /* FirebaseAnalytics in Frameworks */ = {isa = PBXBuildFile; productRef = 0BE1ABDB2B34C909006DDFDA /* FirebaseAnalytics */; };
		0BE1ABDE2B34C909006DDFDA /* FirebaseAuth in Frameworks */ = {isa = PBXBuildFile; productRef = 0BE1ABDD2B34C909006DDFDA /* FirebaseAuth */; };
		0BE1ABE02B34C909006DDFDA /* FirebaseFirestore in Frameworks */ = {isa = PBXBuildFile; productRef = 0BE1ABDF2B34C909006DDFDA /* FirebaseFirestore */; };
		0BE1ABE22B34C909006DDFDA /* FirebaseFirestoreSwift in Frameworks */ = {isa = PBXBuildFile; productRef = 0BE1ABE12B34C909006DDFDA /* FirebaseFirestoreSwift */; };
		0BE1ABE42B34C909006DDFDA /* FirebaseStorage in Frameworks */ = {isa = PBXBuildFile; productRef = 0BE1ABE32B34C909006DDFDA /* FirebaseStorage */; };
		0BFED2912B3288B300D59F49 /* LoginView.swift in Sources */ = {isa = PBXBuildFile; fileRef = 0BFED2902B3288B300D59F49 /* LoginView.swift */; };
		0BFED2932B3288C900D59F49 /* RegistrationView.swift in Sources */ = {isa = PBXBuildFile; fileRef = 0BFED2922B3288C900D59F49 /* RegistrationView.swift */; };
		0BFED2952B328BEF00D59F49 /* RoundedShape.swift in Sources */ = {isa = PBXBuildFile; fileRef = 0BFED2942B328BEF00D59F49 /* RoundedShape.swift */; };
		0BFED2982B3290D800D59F49 /* CustomInputField.swift in Sources */ = {isa = PBXBuildFile; fileRef = 0BFED2972B3290D800D59F49 /* CustomInputField.swift */; };
		0C66FC7A2B4DDF2F0033E01F /* ActiveGamesView.swift in Sources */ = {isa = PBXBuildFile; fileRef = 0C66FC792B4DDF2F0033E01F /* ActiveGamesView.swift */; };
		0C66FC7C2B4DDF4B0033E01F /* ActiveGameViewModel.swift in Sources */ = {isa = PBXBuildFile; fileRef = 0C66FC7B2B4DDF4B0033E01F /* ActiveGameViewModel.swift */; };
		0CF026662B35085500476CE8 /* GameCreateView.swift in Sources */ = {isa = PBXBuildFile; fileRef = 0CF026652B35085500476CE8 /* GameCreateView.swift */; };
		0CF026682B45FA0800476CE8 /* GameSetupView.swift in Sources */ = {isa = PBXBuildFile; fileRef = 0CF026672B45FA0800476CE8 /* GameSetupView.swift */; };
		0CF0266A2B4742DA00476CE8 /* CustomFieldNoImage.swift in Sources */ = {isa = PBXBuildFile; fileRef = 0CF026692B4742DA00476CE8 /* CustomFieldNoImage.swift */; };
		0CF0266E2B4C99E100476CE8 /* GameService.swift in Sources */ = {isa = PBXBuildFile; fileRef = 0CF0266D2B4C99E100476CE8 /* GameService.swift */; };
		0CF026702B4CA18A00476CE8 /* UploadGameViewModel.swift in Sources */ = {isa = PBXBuildFile; fileRef = 0CF0266F2B4CA18A00476CE8 /* UploadGameViewModel.swift */; };
/* End PBXBuildFile section */

/* Begin PBXContainerItemProxy section */
		0B154DBF2B327F73003B0B4B /* PBXContainerItemProxy */ = {
			isa = PBXContainerItemProxy;
			containerPortal = 0B154DA62B327F71003B0B4B /* Project object */;
			proxyType = 1;
			remoteGlobalIDString = 0B154DAD2B327F71003B0B4B;
			remoteInfo = PokerBank;
		};
		0B154DC92B327F73003B0B4B /* PBXContainerItemProxy */ = {
			isa = PBXContainerItemProxy;
			containerPortal = 0B154DA62B327F71003B0B4B /* Project object */;
			proxyType = 1;
			remoteGlobalIDString = 0B154DAD2B327F71003B0B4B;
			remoteInfo = PokerBank;
		};
/* End PBXContainerItemProxy section */

/* Begin PBXFileReference section */
		0B154DAE2B327F71003B0B4B /* PokerBank.app */ = {isa = PBXFileReference; explicitFileType = wrapper.application; includeInIndex = 0; path = PokerBank.app; sourceTree = BUILT_PRODUCTS_DIR; };
		0B154DB12B327F71003B0B4B /* PokerBankApp.swift */ = {isa = PBXFileReference; lastKnownFileType = sourcecode.swift; path = PokerBankApp.swift; sourceTree = "<group>"; };
		0B154DB32B327F71003B0B4B /* ContentView.swift */ = {isa = PBXFileReference; lastKnownFileType = sourcecode.swift; path = ContentView.swift; sourceTree = "<group>"; };
		0B154DB52B327F72003B0B4B /* Assets.xcassets */ = {isa = PBXFileReference; lastKnownFileType = folder.assetcatalog; path = Assets.xcassets; sourceTree = "<group>"; };
		0B154DB82B327F73003B0B4B /* Preview Assets.xcassets */ = {isa = PBXFileReference; lastKnownFileType = folder.assetcatalog; path = "Preview Assets.xcassets"; sourceTree = "<group>"; };
		0B154DBE2B327F73003B0B4B /* PokerBankTests.xctest */ = {isa = PBXFileReference; explicitFileType = wrapper.cfbundle; includeInIndex = 0; path = PokerBankTests.xctest; sourceTree = BUILT_PRODUCTS_DIR; };
		0B154DC22B327F73003B0B4B /* PokerBankTests.swift */ = {isa = PBXFileReference; lastKnownFileType = sourcecode.swift; path = PokerBankTests.swift; sourceTree = "<group>"; };
		0B154DC82B327F73003B0B4B /* PokerBankUITests.xctest */ = {isa = PBXFileReference; explicitFileType = wrapper.cfbundle; includeInIndex = 0; path = PokerBankUITests.xctest; sourceTree = BUILT_PRODUCTS_DIR; };
		0B154DCC2B327F73003B0B4B /* PokerBankUITests.swift */ = {isa = PBXFileReference; lastKnownFileType = sourcecode.swift; path = PokerBankUITests.swift; sourceTree = "<group>"; };
		0B154DCE2B327F73003B0B4B /* PokerBankUITestsLaunchTests.swift */ = {isa = PBXFileReference; lastKnownFileType = sourcecode.swift; path = PokerBankUITestsLaunchTests.swift; sourceTree = "<group>"; };
		0B5D28002B360504004FA34F /* InGameView.swift */ = {isa = PBXFileReference; lastKnownFileType = sourcecode.swift; path = InGameView.swift; sourceTree = "<group>"; };
		0BDBA2482B337CEE00E1AD41 /* HomeView.swift */ = {isa = PBXFileReference; lastKnownFileType = sourcecode.swift; path = HomeView.swift; sourceTree = "<group>"; };
		0BDBA24A2B337D0800E1AD41 /* ProfileView.swift */ = {isa = PBXFileReference; lastKnownFileType = sourcecode.swift; path = ProfileView.swift; sourceTree = "<group>"; };
		0BDBA24C2B337EDB00E1AD41 /* User.swift */ = {isa = PBXFileReference; lastKnownFileType = sourcecode.swift; path = User.swift; sourceTree = "<group>"; };
		0BDBA24E2B3388A700E1AD41 /* GoogleService-Info.plist */ = {isa = PBXFileReference; lastKnownFileType = text.plist.xml; name = "GoogleService-Info.plist"; path = "PokerBank/GoogleService-Info.plist"; sourceTree = SOURCE_ROOT; };
		0BDBA2522B338BBD00E1AD41 /* AuthViewModel.swift */ = {isa = PBXFileReference; lastKnownFileType = sourcecode.swift; path = AuthViewModel.swift; sourceTree = "<group>"; };
		0BFED2902B3288B300D59F49 /* LoginView.swift */ = {isa = PBXFileReference; lastKnownFileType = sourcecode.swift; path = LoginView.swift; sourceTree = "<group>"; };
		0BFED2922B3288C900D59F49 /* RegistrationView.swift */ = {isa = PBXFileReference; lastKnownFileType = sourcecode.swift; path = RegistrationView.swift; sourceTree = "<group>"; };
		0BFED2942B328BEF00D59F49 /* RoundedShape.swift */ = {isa = PBXFileReference; lastKnownFileType = sourcecode.swift; path = RoundedShape.swift; sourceTree = "<group>"; };
		0BFED2972B3290D800D59F49 /* CustomInputField.swift */ = {isa = PBXFileReference; lastKnownFileType = sourcecode.swift; path = CustomInputField.swift; sourceTree = "<group>"; };
		0C66FC792B4DDF2F0033E01F /* ActiveGamesView.swift */ = {isa = PBXFileReference; lastKnownFileType = sourcecode.swift; path = ActiveGamesView.swift; sourceTree = "<group>"; };
		0C66FC7B2B4DDF4B0033E01F /* ActiveGameViewModel.swift */ = {isa = PBXFileReference; lastKnownFileType = sourcecode.swift; path = ActiveGameViewModel.swift; sourceTree = "<group>"; };
		0CF026652B35085500476CE8 /* GameCreateView.swift */ = {isa = PBXFileReference; lastKnownFileType = sourcecode.swift; path = GameCreateView.swift; sourceTree = "<group>"; };
		0CF026672B45FA0800476CE8 /* GameSetupView.swift */ = {isa = PBXFileReference; lastKnownFileType = sourcecode.swift; path = GameSetupView.swift; sourceTree = "<group>"; };
		0CF026692B4742DA00476CE8 /* CustomFieldNoImage.swift */ = {isa = PBXFileReference; lastKnownFileType = sourcecode.swift; path = CustomFieldNoImage.swift; sourceTree = "<group>"; };
		0CF0266D2B4C99E100476CE8 /* GameService.swift */ = {isa = PBXFileReference; lastKnownFileType = sourcecode.swift; path = GameService.swift; sourceTree = "<group>"; };
		0CF0266F2B4CA18A00476CE8 /* UploadGameViewModel.swift */ = {isa = PBXFileReference; lastKnownFileType = sourcecode.swift; path = UploadGameViewModel.swift; sourceTree = "<group>"; };
/* End PBXFileReference section */

/* Begin PBXFrameworksBuildPhase section */
		0B154DAB2B327F71003B0B4B /* Frameworks */ = {
			isa = PBXFrameworksBuildPhase;
			buildActionMask = 2147483647;
			files = (
				0BE1ABDC2B34C909006DDFDA /* FirebaseAnalytics in Frameworks */,
				0BE1ABDE2B34C909006DDFDA /* FirebaseAuth in Frameworks */,
				0BE1ABE02B34C909006DDFDA /* FirebaseFirestore in Frameworks */,
				0BE1ABE42B34C909006DDFDA /* FirebaseStorage in Frameworks */,
				0BE1ABE22B34C909006DDFDA /* FirebaseFirestoreSwift in Frameworks */,
			);
			runOnlyForDeploymentPostprocessing = 0;
		};
		0B154DBB2B327F73003B0B4B /* Frameworks */ = {
			isa = PBXFrameworksBuildPhase;
			buildActionMask = 2147483647;
			files = (
			);
			runOnlyForDeploymentPostprocessing = 0;
		};
		0B154DC52B327F73003B0B4B /* Frameworks */ = {
			isa = PBXFrameworksBuildPhase;
			buildActionMask = 2147483647;
			files = (
			);
			runOnlyForDeploymentPostprocessing = 0;
		};
/* End PBXFrameworksBuildPhase section */

/* Begin PBXGroup section */
		0B154DA52B327F71003B0B4B = {
			isa = PBXGroup;
			children = (
				0B154DB02B327F71003B0B4B /* PokerBank */,
				0B154DC12B327F73003B0B4B /* PokerBankTests */,
				0B154DCB2B327F73003B0B4B /* PokerBankUITests */,
				0B154DAF2B327F71003B0B4B /* Products */,
			);
			sourceTree = "<group>";
		};
		0B154DAF2B327F71003B0B4B /* Products */ = {
			isa = PBXGroup;
			children = (
				0B154DAE2B327F71003B0B4B /* PokerBank.app */,
				0B154DBE2B327F73003B0B4B /* PokerBankTests.xctest */,
				0B154DC82B327F73003B0B4B /* PokerBankUITests.xctest */,
			);
			name = Products;
			sourceTree = "<group>";
		};
		0B154DB02B327F71003B0B4B /* PokerBank */ = {
			isa = PBXGroup;
			children = (
				0CF0266C2B4C99B500476CE8 /* MakeGame */,
				0CF026642B35083700476CE8 /* GameLobby */,
				0B154DB12B327F71003B0B4B /* PokerBankApp.swift */,
				0B154DB32B327F71003B0B4B /* ContentView.swift */,
				0BDBA2512B338BA500E1AD41 /* Authentication */,
				0BFED2962B3290AF00D59F49 /* Components */,
				0BDBA2482B337CEE00E1AD41 /* HomeView.swift */,
				0B5D28002B360504004FA34F /* InGameView.swift */,
				0BDBA24A2B337D0800E1AD41 /* ProfileView.swift */,
				0BDBA24C2B337EDB00E1AD41 /* User.swift */,
				0B154DB52B327F72003B0B4B /* Assets.xcassets */,
				0BDBA24E2B3388A700E1AD41 /* GoogleService-Info.plist */,
				0B154DB72B327F73003B0B4B /* Preview Content */,
			);
			path = PokerBank;
			sourceTree = "<group>";
		};
		0B154DB72B327F73003B0B4B /* Preview Content */ = {
			isa = PBXGroup;
			children = (
				0B154DB82B327F73003B0B4B /* Preview Assets.xcassets */,
			);
			path = "Preview Content";
			sourceTree = "<group>";
		};
		0B154DC12B327F73003B0B4B /* PokerBankTests */ = {
			isa = PBXGroup;
			children = (
				0B154DC22B327F73003B0B4B /* PokerBankTests.swift */,
			);
			path = PokerBankTests;
			sourceTree = "<group>";
		};
		0B154DCB2B327F73003B0B4B /* PokerBankUITests */ = {
			isa = PBXGroup;
			children = (
				0B154DCC2B327F73003B0B4B /* PokerBankUITests.swift */,
				0B154DCE2B327F73003B0B4B /* PokerBankUITestsLaunchTests.swift */,
			);
			path = PokerBankUITests;
			sourceTree = "<group>";
		};
		0BDBA2512B338BA500E1AD41 /* Authentication */ = {
			isa = PBXGroup;
			children = (
				0BFED2902B3288B300D59F49 /* LoginView.swift */,
				0BFED2922B3288C900D59F49 /* RegistrationView.swift */,
				0BDBA2522B338BBD00E1AD41 /* AuthViewModel.swift */,
			);
			path = Authentication;
			sourceTree = "<group>";
		};
		0BFED2962B3290AF00D59F49 /* Components */ = {
			isa = PBXGroup;
			children = (
				0BFED2942B328BEF00D59F49 /* RoundedShape.swift */,
				0BFED2972B3290D800D59F49 /* CustomInputField.swift */,
				0CF026692B4742DA00476CE8 /* CustomFieldNoImage.swift */,
			);
			path = Components;
			sourceTree = "<group>";
		};
		0CF026642B35083700476CE8 /* GameLobby */ = {
			isa = PBXGroup;
			children = (
				0CF026652B35085500476CE8 /* GameCreateView.swift */,
			);
			path = GameLobby;
			sourceTree = "<group>";
		};
		0CF0266C2B4C99B500476CE8 /* MakeGame */ = {
			isa = PBXGroup;
			children = (
				0CF026672B45FA0800476CE8 /* GameSetupView.swift */,
				0CF0266D2B4C99E100476CE8 /* GameService.swift */,
				0CF0266F2B4CA18A00476CE8 /* UploadGameViewModel.swift */,
				0C66FC792B4DDF2F0033E01F /* ActiveGamesView.swift */,
				0C66FC7B2B4DDF4B0033E01F /* ActiveGameViewModel.swift */,
			);
			path = MakeGame;
			sourceTree = "<group>";
		};
/* End PBXGroup section */

/* Begin PBXNativeTarget section */
		0B154DAD2B327F71003B0B4B /* PokerBank */ = {
			isa = PBXNativeTarget;
			buildConfigurationList = 0B154DD22B327F73003B0B4B /* Build configuration list for PBXNativeTarget "PokerBank" */;
			buildPhases = (
				0B154DAA2B327F71003B0B4B /* Sources */,
				0B154DAB2B327F71003B0B4B /* Frameworks */,
				0B154DAC2B327F71003B0B4B /* Resources */,
			);
			buildRules = (
			);
			dependencies = (
			);
			name = PokerBank;
			packageProductDependencies = (
				0BE1ABDB2B34C909006DDFDA /* FirebaseAnalytics */,
				0BE1ABDD2B34C909006DDFDA /* FirebaseAuth */,
				0BE1ABDF2B34C909006DDFDA /* FirebaseFirestore */,
				0BE1ABE12B34C909006DDFDA /* FirebaseFirestoreSwift */,
				0BE1ABE32B34C909006DDFDA /* FirebaseStorage */,
			);
			productName = PokerBank;
			productReference = 0B154DAE2B327F71003B0B4B /* PokerBank.app */;
			productType = "com.apple.product-type.application";
		};
		0B154DBD2B327F73003B0B4B /* PokerBankTests */ = {
			isa = PBXNativeTarget;
			buildConfigurationList = 0B154DD52B327F73003B0B4B /* Build configuration list for PBXNativeTarget "PokerBankTests" */;
			buildPhases = (
				0B154DBA2B327F73003B0B4B /* Sources */,
				0B154DBB2B327F73003B0B4B /* Frameworks */,
				0B154DBC2B327F73003B0B4B /* Resources */,
			);
			buildRules = (
			);
			dependencies = (
				0B154DC02B327F73003B0B4B /* PBXTargetDependency */,
			);
			name = PokerBankTests;
			productName = PokerBankTests;
			productReference = 0B154DBE2B327F73003B0B4B /* PokerBankTests.xctest */;
			productType = "com.apple.product-type.bundle.unit-test";
		};
		0B154DC72B327F73003B0B4B /* PokerBankUITests */ = {
			isa = PBXNativeTarget;
			buildConfigurationList = 0B154DD82B327F73003B0B4B /* Build configuration list for PBXNativeTarget "PokerBankUITests" */;
			buildPhases = (
				0B154DC42B327F73003B0B4B /* Sources */,
				0B154DC52B327F73003B0B4B /* Frameworks */,
				0B154DC62B327F73003B0B4B /* Resources */,
			);
			buildRules = (
			);
			dependencies = (
				0B154DCA2B327F73003B0B4B /* PBXTargetDependency */,
			);
			name = PokerBankUITests;
			productName = PokerBankUITests;
			productReference = 0B154DC82B327F73003B0B4B /* PokerBankUITests.xctest */;
			productType = "com.apple.product-type.bundle.ui-testing";
		};
/* End PBXNativeTarget section */

/* Begin PBXProject section */
		0B154DA62B327F71003B0B4B /* Project object */ = {
			isa = PBXProject;
			attributes = {
				BuildIndependentTargetsInParallel = 1;
				LastSwiftUpdateCheck = 1510;
				LastUpgradeCheck = 1510;
				TargetAttributes = {
					0B154DAD2B327F71003B0B4B = {
						CreatedOnToolsVersion = 15.1;
					};
					0B154DBD2B327F73003B0B4B = {
						CreatedOnToolsVersion = 15.1;
						TestTargetID = 0B154DAD2B327F71003B0B4B;
					};
					0B154DC72B327F73003B0B4B = {
						CreatedOnToolsVersion = 15.1;
						TestTargetID = 0B154DAD2B327F71003B0B4B;
					};
				};
			};
			buildConfigurationList = 0B154DA92B327F71003B0B4B /* Build configuration list for PBXProject "PokerBank" */;
			compatibilityVersion = "Xcode 14.0";
			developmentRegion = en;
			hasScannedForEncodings = 0;
			knownRegions = (
				en,
				Base,
			);
			mainGroup = 0B154DA52B327F71003B0B4B;
			packageReferences = (
				0BDBA2502B33897400E1AD41 /* XCRemoteSwiftPackageReference "firebase-ios-sdk" */,
			);
			productRefGroup = 0B154DAF2B327F71003B0B4B /* Products */;
			projectDirPath = "";
			projectRoot = "";
			targets = (
				0B154DAD2B327F71003B0B4B /* PokerBank */,
				0B154DBD2B327F73003B0B4B /* PokerBankTests */,
				0B154DC72B327F73003B0B4B /* PokerBankUITests */,
			);
		};
/* End PBXProject section */

/* Begin PBXResourcesBuildPhase section */
		0B154DAC2B327F71003B0B4B /* Resources */ = {
			isa = PBXResourcesBuildPhase;
			buildActionMask = 2147483647;
			files = (
				0B154DB92B327F73003B0B4B /* Preview Assets.xcassets in Resources */,
				0B154DB62B327F72003B0B4B /* Assets.xcassets in Resources */,
				0BDBA24F2B3388A700E1AD41 /* GoogleService-Info.plist in Resources */,
			);
			runOnlyForDeploymentPostprocessing = 0;
		};
		0B154DBC2B327F73003B0B4B /* Resources */ = {
			isa = PBXResourcesBuildPhase;
			buildActionMask = 2147483647;
			files = (
			);
			runOnlyForDeploymentPostprocessing = 0;
		};
		0B154DC62B327F73003B0B4B /* Resources */ = {
			isa = PBXResourcesBuildPhase;
			buildActionMask = 2147483647;
			files = (
			);
			runOnlyForDeploymentPostprocessing = 0;
		};
/* End PBXResourcesBuildPhase section */

/* Begin PBXSourcesBuildPhase section */
		0B154DAA2B327F71003B0B4B /* Sources */ = {
			isa = PBXSourcesBuildPhase;
			buildActionMask = 2147483647;
			files = (
				0BDBA2532B338BBD00E1AD41 /* AuthViewModel.swift in Sources */,
				0BDBA24B2B337D0800E1AD41 /* ProfileView.swift in Sources */,
				0C66FC7C2B4DDF4B0033E01F /* ActiveGameViewModel.swift in Sources */,
				0BFED2952B328BEF00D59F49 /* RoundedShape.swift in Sources */,
				0BDBA2492B337CEE00E1AD41 /* HomeView.swift in Sources */,
				0C66FC7A2B4DDF2F0033E01F /* ActiveGamesView.swift in Sources */,
				0CF026682B45FA0800476CE8 /* GameSetupView.swift in Sources */,
				0CF026662B35085500476CE8 /* GameCreateView.swift in Sources */,
				0CF0266A2B4742DA00476CE8 /* CustomFieldNoImage.swift in Sources */,
				0BFED2912B3288B300D59F49 /* LoginView.swift in Sources */,
				0B5D28012B360504004FA34F /* InGameView.swift in Sources */,
				0B154DB42B327F71003B0B4B /* ContentView.swift in Sources */,
				0BDBA24D2B337EDB00E1AD41 /* User.swift in Sources */,
				0B154DB22B327F71003B0B4B /* PokerBankApp.swift in Sources */,
				0CF0266E2B4C99E100476CE8 /* GameService.swift in Sources */,
				0BFED2982B3290D800D59F49 /* CustomInputField.swift in Sources */,
				0BFED2932B3288C900D59F49 /* RegistrationView.swift in Sources */,
				0CF026702B4CA18A00476CE8 /* UploadGameViewModel.swift in Sources */,
			);
			runOnlyForDeploymentPostprocessing = 0;
		};
		0B154DBA2B327F73003B0B4B /* Sources */ = {
			isa = PBXSourcesBuildPhase;
			buildActionMask = 2147483647;
			files = (
				0B154DC32B327F73003B0B4B /* PokerBankTests.swift in Sources */,
			);
			runOnlyForDeploymentPostprocessing = 0;
		};
		0B154DC42B327F73003B0B4B /* Sources */ = {
			isa = PBXSourcesBuildPhase;
			buildActionMask = 2147483647;
			files = (
				0B154DCF2B327F73003B0B4B /* PokerBankUITestsLaunchTests.swift in Sources */,
				0B154DCD2B327F73003B0B4B /* PokerBankUITests.swift in Sources */,
			);
			runOnlyForDeploymentPostprocessing = 0;
		};
/* End PBXSourcesBuildPhase section */

/* Begin PBXTargetDependency section */
		0B154DC02B327F73003B0B4B /* PBXTargetDependency */ = {
			isa = PBXTargetDependency;
			target = 0B154DAD2B327F71003B0B4B /* PokerBank */;
			targetProxy = 0B154DBF2B327F73003B0B4B /* PBXContainerItemProxy */;
		};
		0B154DCA2B327F73003B0B4B /* PBXTargetDependency */ = {
			isa = PBXTargetDependency;
			target = 0B154DAD2B327F71003B0B4B /* PokerBank */;
			targetProxy = 0B154DC92B327F73003B0B4B /* PBXContainerItemProxy */;
		};
/* End PBXTargetDependency section */

/* Begin XCBuildConfiguration section */
		0B154DD02B327F73003B0B4B /* Debug */ = {
			isa = XCBuildConfiguration;
			buildSettings = {
				ALWAYS_SEARCH_USER_PATHS = NO;
				ASSETCATALOG_COMPILER_GENERATE_SWIFT_ASSET_SYMBOL_EXTENSIONS = YES;
				CLANG_ANALYZER_NONNULL = YES;
				CLANG_ANALYZER_NUMBER_OBJECT_CONVERSION = YES_AGGRESSIVE;
				CLANG_CXX_LANGUAGE_STANDARD = "gnu++20";
				CLANG_ENABLE_MODULES = YES;
				CLANG_ENABLE_OBJC_ARC = YES;
				CLANG_ENABLE_OBJC_WEAK = YES;
				CLANG_WARN_BLOCK_CAPTURE_AUTORELEASING = YES;
				CLANG_WARN_BOOL_CONVERSION = YES;
				CLANG_WARN_COMMA = YES;
				CLANG_WARN_CONSTANT_CONVERSION = YES;
				CLANG_WARN_DEPRECATED_OBJC_IMPLEMENTATIONS = YES;
				CLANG_WARN_DIRECT_OBJC_ISA_USAGE = YES_ERROR;
				CLANG_WARN_DOCUMENTATION_COMMENTS = YES;
				CLANG_WARN_EMPTY_BODY = YES;
				CLANG_WARN_ENUM_CONVERSION = YES;
				CLANG_WARN_INFINITE_RECURSION = YES;
				CLANG_WARN_INT_CONVERSION = YES;
				CLANG_WARN_NON_LITERAL_NULL_CONVERSION = YES;
				CLANG_WARN_OBJC_IMPLICIT_RETAIN_SELF = YES;
				CLANG_WARN_OBJC_LITERAL_CONVERSION = YES;
				CLANG_WARN_OBJC_ROOT_CLASS = YES_ERROR;
				CLANG_WARN_QUOTED_INCLUDE_IN_FRAMEWORK_HEADER = YES;
				CLANG_WARN_RANGE_LOOP_ANALYSIS = YES;
				CLANG_WARN_STRICT_PROTOTYPES = YES;
				CLANG_WARN_SUSPICIOUS_MOVE = YES;
				CLANG_WARN_UNGUARDED_AVAILABILITY = YES_AGGRESSIVE;
				CLANG_WARN_UNREACHABLE_CODE = YES;
				CLANG_WARN__DUPLICATE_METHOD_MATCH = YES;
				COPY_PHASE_STRIP = NO;
				DEBUG_INFORMATION_FORMAT = dwarf;
				ENABLE_STRICT_OBJC_MSGSEND = YES;
				ENABLE_TESTABILITY = YES;
				ENABLE_USER_SCRIPT_SANDBOXING = YES;
				GCC_C_LANGUAGE_STANDARD = gnu17;
				GCC_DYNAMIC_NO_PIC = NO;
				GCC_NO_COMMON_BLOCKS = YES;
				GCC_OPTIMIZATION_LEVEL = 0;
				GCC_PREPROCESSOR_DEFINITIONS = (
					"DEBUG=1",
					"$(inherited)",
				);
				GCC_WARN_64_TO_32_BIT_CONVERSION = YES;
				GCC_WARN_ABOUT_RETURN_TYPE = YES_ERROR;
				GCC_WARN_UNDECLARED_SELECTOR = YES;
				GCC_WARN_UNINITIALIZED_AUTOS = YES_AGGRESSIVE;
				GCC_WARN_UNUSED_FUNCTION = YES;
				GCC_WARN_UNUSED_VARIABLE = YES;
				IPHONEOS_DEPLOYMENT_TARGET = 17.2;
				LOCALIZATION_PREFERS_STRING_CATALOGS = YES;
				MTL_ENABLE_DEBUG_INFO = INCLUDE_SOURCE;
				MTL_FAST_MATH = YES;
				ONLY_ACTIVE_ARCH = YES;
				SDKROOT = iphoneos;
				SWIFT_ACTIVE_COMPILATION_CONDITIONS = "DEBUG $(inherited)";
				SWIFT_OPTIMIZATION_LEVEL = "-Onone";
			};
			name = Debug;
		};
		0B154DD12B327F73003B0B4B /* Release */ = {
			isa = XCBuildConfiguration;
			buildSettings = {
				ALWAYS_SEARCH_USER_PATHS = NO;
				ASSETCATALOG_COMPILER_GENERATE_SWIFT_ASSET_SYMBOL_EXTENSIONS = YES;
				CLANG_ANALYZER_NONNULL = YES;
				CLANG_ANALYZER_NUMBER_OBJECT_CONVERSION = YES_AGGRESSIVE;
				CLANG_CXX_LANGUAGE_STANDARD = "gnu++20";
				CLANG_ENABLE_MODULES = YES;
				CLANG_ENABLE_OBJC_ARC = YES;
				CLANG_ENABLE_OBJC_WEAK = YES;
				CLANG_WARN_BLOCK_CAPTURE_AUTORELEASING = YES;
				CLANG_WARN_BOOL_CONVERSION = YES;
				CLANG_WARN_COMMA = YES;
				CLANG_WARN_CONSTANT_CONVERSION = YES;
				CLANG_WARN_DEPRECATED_OBJC_IMPLEMENTATIONS = YES;
				CLANG_WARN_DIRECT_OBJC_ISA_USAGE = YES_ERROR;
				CLANG_WARN_DOCUMENTATION_COMMENTS = YES;
				CLANG_WARN_EMPTY_BODY = YES;
				CLANG_WARN_ENUM_CONVERSION = YES;
				CLANG_WARN_INFINITE_RECURSION = YES;
				CLANG_WARN_INT_CONVERSION = YES;
				CLANG_WARN_NON_LITERAL_NULL_CONVERSION = YES;
				CLANG_WARN_OBJC_IMPLICIT_RETAIN_SELF = YES;
				CLANG_WARN_OBJC_LITERAL_CONVERSION = YES;
				CLANG_WARN_OBJC_ROOT_CLASS = YES_ERROR;
				CLANG_WARN_QUOTED_INCLUDE_IN_FRAMEWORK_HEADER = YES;
				CLANG_WARN_RANGE_LOOP_ANALYSIS = YES;
				CLANG_WARN_STRICT_PROTOTYPES = YES;
				CLANG_WARN_SUSPICIOUS_MOVE = YES;
				CLANG_WARN_UNGUARDED_AVAILABILITY = YES_AGGRESSIVE;
				CLANG_WARN_UNREACHABLE_CODE = YES;
				CLANG_WARN__DUPLICATE_METHOD_MATCH = YES;
				COPY_PHASE_STRIP = NO;
				DEBUG_INFORMATION_FORMAT = "dwarf-with-dsym";
				ENABLE_NS_ASSERTIONS = NO;
				ENABLE_STRICT_OBJC_MSGSEND = YES;
				ENABLE_USER_SCRIPT_SANDBOXING = YES;
				GCC_C_LANGUAGE_STANDARD = gnu17;
				GCC_NO_COMMON_BLOCKS = YES;
				GCC_WARN_64_TO_32_BIT_CONVERSION = YES;
				GCC_WARN_ABOUT_RETURN_TYPE = YES_ERROR;
				GCC_WARN_UNDECLARED_SELECTOR = YES;
				GCC_WARN_UNINITIALIZED_AUTOS = YES_AGGRESSIVE;
				GCC_WARN_UNUSED_FUNCTION = YES;
				GCC_WARN_UNUSED_VARIABLE = YES;
				IPHONEOS_DEPLOYMENT_TARGET = 17.2;
				LOCALIZATION_PREFERS_STRING_CATALOGS = YES;
				MTL_ENABLE_DEBUG_INFO = NO;
				MTL_FAST_MATH = YES;
				SDKROOT = iphoneos;
				SWIFT_COMPILATION_MODE = wholemodule;
				VALIDATE_PRODUCT = YES;
			};
			name = Release;
		};
		0B154DD32B327F73003B0B4B /* Debug */ = {
			isa = XCBuildConfiguration;
			buildSettings = {
				ASSETCATALOG_COMPILER_APPICON_NAME = AppIcon;
				ASSETCATALOG_COMPILER_GLOBAL_ACCENT_COLOR_NAME = AccentColor;
				CODE_SIGN_STYLE = Automatic;
				CURRENT_PROJECT_VERSION = 1;
				DEVELOPMENT_ASSET_PATHS = "\"PokerBank/Preview Content\"";
				DEVELOPMENT_TEAM = 234AGDMJCC;
				ENABLE_PREVIEWS = YES;
				GENERATE_INFOPLIST_FILE = YES;
				INFOPLIST_KEY_UIApplicationSceneManifest_Generation = YES;
				INFOPLIST_KEY_UIApplicationSupportsIndirectInputEvents = YES;
				INFOPLIST_KEY_UILaunchScreen_Generation = YES;
				INFOPLIST_KEY_UISupportedInterfaceOrientations_iPad = "UIInterfaceOrientationPortrait UIInterfaceOrientationPortraitUpsideDown UIInterfaceOrientationLandscapeLeft UIInterfaceOrientationLandscapeRight";
				INFOPLIST_KEY_UISupportedInterfaceOrientations_iPhone = "UIInterfaceOrientationPortrait UIInterfaceOrientationLandscapeLeft UIInterfaceOrientationLandscapeRight";
				LD_RUNPATH_SEARCH_PATHS = (
					"$(inherited)",
					"@executable_path/Frameworks",
				);
				MARKETING_VERSION = 1.0;
				PRODUCT_BUNDLE_IDENTIFIER = com.pokerbank.PokerBank;
				PRODUCT_NAME = "$(TARGET_NAME)";
				SWIFT_EMIT_LOC_STRINGS = YES;
				SWIFT_VERSION = 5.0;
				TARGETED_DEVICE_FAMILY = "1,2";
			};
			name = Debug;
		};
		0B154DD42B327F73003B0B4B /* Release */ = {
			isa = XCBuildConfiguration;
			buildSettings = {
				ASSETCATALOG_COMPILER_APPICON_NAME = AppIcon;
				ASSETCATALOG_COMPILER_GLOBAL_ACCENT_COLOR_NAME = AccentColor;
				CODE_SIGN_STYLE = Automatic;
				CURRENT_PROJECT_VERSION = 1;
				DEVELOPMENT_ASSET_PATHS = "\"PokerBank/Preview Content\"";
				DEVELOPMENT_TEAM = 234AGDMJCC;
				ENABLE_PREVIEWS = YES;
				GENERATE_INFOPLIST_FILE = YES;
				INFOPLIST_KEY_UIApplicationSceneManifest_Generation = YES;
				INFOPLIST_KEY_UIApplicationSupportsIndirectInputEvents = YES;
				INFOPLIST_KEY_UILaunchScreen_Generation = YES;
				INFOPLIST_KEY_UISupportedInterfaceOrientations_iPad = "UIInterfaceOrientationPortrait UIInterfaceOrientationPortraitUpsideDown UIInterfaceOrientationLandscapeLeft UIInterfaceOrientationLandscapeRight";
				INFOPLIST_KEY_UISupportedInterfaceOrientations_iPhone = "UIInterfaceOrientationPortrait UIInterfaceOrientationLandscapeLeft UIInterfaceOrientationLandscapeRight";
				LD_RUNPATH_SEARCH_PATHS = (
					"$(inherited)",
					"@executable_path/Frameworks",
				);
				MARKETING_VERSION = 1.0;
				PRODUCT_BUNDLE_IDENTIFIER = com.pokerbank.PokerBank;
				PRODUCT_NAME = "$(TARGET_NAME)";
				SWIFT_EMIT_LOC_STRINGS = YES;
				SWIFT_VERSION = 5.0;
				TARGETED_DEVICE_FAMILY = "1,2";
			};
			name = Release;
		};
		0B154DD62B327F73003B0B4B /* Debug */ = {
			isa = XCBuildConfiguration;
			buildSettings = {
				ALWAYS_EMBED_SWIFT_STANDARD_LIBRARIES = YES;
				BUNDLE_LOADER = "$(TEST_HOST)";
				CODE_SIGN_STYLE = Automatic;
				CURRENT_PROJECT_VERSION = 1;
				GENERATE_INFOPLIST_FILE = YES;
				IPHONEOS_DEPLOYMENT_TARGET = 17.2;
				MARKETING_VERSION = 1.0;
				PRODUCT_BUNDLE_IDENTIFIER = com.amitsai.PokerBankTests;
				PRODUCT_NAME = "$(TARGET_NAME)";
				SWIFT_EMIT_LOC_STRINGS = NO;
				SWIFT_VERSION = 5.0;
				TARGETED_DEVICE_FAMILY = "1,2";
				TEST_HOST = "$(BUILT_PRODUCTS_DIR)/PokerBank.app/$(BUNDLE_EXECUTABLE_FOLDER_PATH)/PokerBank";
			};
			name = Debug;
		};
		0B154DD72B327F73003B0B4B /* Release */ = {
			isa = XCBuildConfiguration;
			buildSettings = {
				ALWAYS_EMBED_SWIFT_STANDARD_LIBRARIES = YES;
				BUNDLE_LOADER = "$(TEST_HOST)";
				CODE_SIGN_STYLE = Automatic;
				CURRENT_PROJECT_VERSION = 1;
				GENERATE_INFOPLIST_FILE = YES;
				IPHONEOS_DEPLOYMENT_TARGET = 17.2;
				MARKETING_VERSION = 1.0;
				PRODUCT_BUNDLE_IDENTIFIER = com.amitsai.PokerBankTests;
				PRODUCT_NAME = "$(TARGET_NAME)";
				SWIFT_EMIT_LOC_STRINGS = NO;
				SWIFT_VERSION = 5.0;
				TARGETED_DEVICE_FAMILY = "1,2";
				TEST_HOST = "$(BUILT_PRODUCTS_DIR)/PokerBank.app/$(BUNDLE_EXECUTABLE_FOLDER_PATH)/PokerBank";
			};
			name = Release;
		};
		0B154DD92B327F73003B0B4B /* Debug */ = {
			isa = XCBuildConfiguration;
			buildSettings = {
				ALWAYS_EMBED_SWIFT_STANDARD_LIBRARIES = YES;
				CODE_SIGN_STYLE = Automatic;
				CURRENT_PROJECT_VERSION = 1;
				GENERATE_INFOPLIST_FILE = YES;
				MARKETING_VERSION = 1.0;
				PRODUCT_BUNDLE_IDENTIFIER = com.amitsai.PokerBankUITests;
				PRODUCT_NAME = "$(TARGET_NAME)";
				SWIFT_EMIT_LOC_STRINGS = NO;
				SWIFT_VERSION = 5.0;
				TARGETED_DEVICE_FAMILY = "1,2";
				TEST_TARGET_NAME = PokerBank;
			};
			name = Debug;
		};
		0B154DDA2B327F73003B0B4B /* Release */ = {
			isa = XCBuildConfiguration;
			buildSettings = {
				ALWAYS_EMBED_SWIFT_STANDARD_LIBRARIES = YES;
				CODE_SIGN_STYLE = Automatic;
				CURRENT_PROJECT_VERSION = 1;
				GENERATE_INFOPLIST_FILE = YES;
				MARKETING_VERSION = 1.0;
				PRODUCT_BUNDLE_IDENTIFIER = com.amitsai.PokerBankUITests;
				PRODUCT_NAME = "$(TARGET_NAME)";
				SWIFT_EMIT_LOC_STRINGS = NO;
				SWIFT_VERSION = 5.0;
				TARGETED_DEVICE_FAMILY = "1,2";
				TEST_TARGET_NAME = PokerBank;
			};
			name = Release;
		};
/* End XCBuildConfiguration section */

/* Begin XCConfigurationList section */
		0B154DA92B327F71003B0B4B /* Build configuration list for PBXProject "PokerBank" */ = {
			isa = XCConfigurationList;
			buildConfigurations = (
				0B154DD02B327F73003B0B4B /* Debug */,
				0B154DD12B327F73003B0B4B /* Release */,
			);
			defaultConfigurationIsVisible = 0;
			defaultConfigurationName = Release;
		};
		0B154DD22B327F73003B0B4B /* Build configuration list for PBXNativeTarget "PokerBank" */ = {
			isa = XCConfigurationList;
			buildConfigurations = (
				0B154DD32B327F73003B0B4B /* Debug */,
				0B154DD42B327F73003B0B4B /* Release */,
			);
			defaultConfigurationIsVisible = 0;
			defaultConfigurationName = Release;
		};
		0B154DD52B327F73003B0B4B /* Build configuration list for PBXNativeTarget "PokerBankTests" */ = {
			isa = XCConfigurationList;
			buildConfigurations = (
				0B154DD62B327F73003B0B4B /* Debug */,
				0B154DD72B327F73003B0B4B /* Release */,
			);
			defaultConfigurationIsVisible = 0;
			defaultConfigurationName = Release;
		};
		0B154DD82B327F73003B0B4B /* Build configuration list for PBXNativeTarget "PokerBankUITests" */ = {
			isa = XCConfigurationList;
			buildConfigurations = (
				0B154DD92B327F73003B0B4B /* Debug */,
				0B154DDA2B327F73003B0B4B /* Release */,
			);
			defaultConfigurationIsVisible = 0;
			defaultConfigurationName = Release;
		};
/* End XCConfigurationList section */

/* Begin XCRemoteSwiftPackageReference section */
		0BDBA2502B33897400E1AD41 /* XCRemoteSwiftPackageReference "firebase-ios-sdk" */ = {
			isa = XCRemoteSwiftPackageReference;
			repositoryURL = "https://github.com/firebase/firebase-ios-sdk";
			requirement = {
				kind = upToNextMajorVersion;
				minimumVersion = 10.19.1;
			};
		};
/* End XCRemoteSwiftPackageReference section */

/* Begin XCSwiftPackageProductDependency section */
		0BE1ABDB2B34C909006DDFDA /* FirebaseAnalytics */ = {
			isa = XCSwiftPackageProductDependency;
			package = 0BDBA2502B33897400E1AD41 /* XCRemoteSwiftPackageReference "firebase-ios-sdk" */;
			productName = FirebaseAnalytics;
		};
		0BE1ABDD2B34C909006DDFDA /* FirebaseAuth */ = {
			isa = XCSwiftPackageProductDependency;
			package = 0BDBA2502B33897400E1AD41 /* XCRemoteSwiftPackageReference "firebase-ios-sdk" */;
			productName = FirebaseAuth;
		};
		0BE1ABDF2B34C909006DDFDA /* FirebaseFirestore */ = {
			isa = XCSwiftPackageProductDependency;
			package = 0BDBA2502B33897400E1AD41 /* XCRemoteSwiftPackageReference "firebase-ios-sdk" */;
			productName = FirebaseFirestore;
		};
		0BE1ABE12B34C909006DDFDA /* FirebaseFirestoreSwift */ = {
			isa = XCSwiftPackageProductDependency;
			package = 0BDBA2502B33897400E1AD41 /* XCRemoteSwiftPackageReference "firebase-ios-sdk" */;
			productName = FirebaseFirestoreSwift;
		};
		0BE1ABE32B34C909006DDFDA /* FirebaseStorage */ = {
			isa = XCSwiftPackageProductDependency;
			package = 0BDBA2502B33897400E1AD41 /* XCRemoteSwiftPackageReference "firebase-ios-sdk" */;
			productName = FirebaseStorage;
		};
/* End XCSwiftPackageProductDependency section */
	};
	rootObject = 0B154DA62B327F71003B0B4B /* Project object */;
}
